
Microsoft Visual Studio Solution File, Format Version 12.00
# Visual Studio Version 17
VisualStudioVersion = 17.14.36930.0 d17.14
MinimumVisualStudioVersion = 10.0.40219.1
Project("{FAE04EC0-301F-11D3-BF4B-00C04F79EFBC}") = "AffToSpcConverter", "AffToSpcConverter.csproj", "{DF1C8A17-B719-455C-894F-6B57F3822309}"
EndProject
Global
	GlobalSection(SolutionConfigurationPlatforms) = preSolution
		Debug|Any CPU = Debug|Any CPU
		Release|Any CPU = Release|Any CPU
	EndGlobalSection
	GlobalSection(ProjectConfigurationPlatforms) = postSolution
		{DF1C8A17-B719-455C-894F-6B57F3822309}.Debug|Any CPU.ActiveCfg = Debug|Any CPU
		{DF1C8A17-B719-455C-894F-6B57F3822309}.Debug|Any CPU.Build.0 = Debug|Any CPU
		{DF1C8A17-B719-455C-894F-6B57F3822309}.Release|Any CPU.ActiveCfg = Release|Any CPU
		{DF1C8A17-B719-455C-894F-6B57F3822309}.Release|Any CPU.Build.0 = Release|Any CPU
	EndGlobalSection
	GlobalSection(SolutionProperties) = preSolution
		HideSolutionNode = FALSE
	EndGlobalSection
	GlobalSection(ExtensibilityGlobals) = postSolution
		SolutionGuid = {56733BC7-F199-4C60-9054-936BE4DCC61A}
	EndGlobalSection
EndGlobal
